
Microsoft Visual Studio Solution File, Format Version 12.00
# Visual Studio 15
VisualStudioVersion = 15.0.27703.2000
MinimumVisualStudioVersion = 10.0.40219.1
Project("{FAE04EC0-301F-11D3-BF4B-00C04F79EFBC}") = "ServiceLayer", "ServiceLayer\ServiceLayer.csproj", "{E87150FA-AFB2-418E-9068-E5EDBD2203DB}"
EndProject
Project("{FAE04EC0-301F-11D3-BF4B-00C04F79EFBC}") = "PresentationLayer", "PresentationLayer\PresentationLayer.csproj", "{8009954C-D1E5-428B-892B-482C5B691050}"
EndProject
Project("{FAE04EC0-301F-11D3-BF4B-00C04F79EFBC}") = "ServiceLayerTests", "ServiceLayerTests\ServiceLayerTests.csproj", "{230FCD3C-36B2-47EA-BF36-76E4E2DA9A6E}"
EndProject
Global
	GlobalSection(SolutionConfigurationPlatforms) = preSolution
		Debug|Any CPU = Debug|Any CPU
		Release|Any CPU = Release|Any CPU
	EndGlobalSection
	GlobalSection(ProjectConfigurationPlatforms) = postSolution
		{E87150FA-AFB2-418E-9068-E5EDBD2203DB}.Debug|Any CPU.ActiveCfg = Debug|Any CPU
		{E87150FA-AFB2-418E-9068-E5EDBD2203DB}.Debug|Any CPU.Build.0 = Debug|Any CPU
		{E87150FA-AFB2-418E-9068-E5EDBD2203DB}.Release|Any CPU.ActiveCfg = Release|Any CPU
		{E87150FA-AFB2-418E-9068-E5EDBD2203DB}.Release|Any CPU.Build.0 = Release|Any CPU
		{8009954C-D1E5-428B-892B-482C5B691050}.Debug|Any CPU.ActiveCfg = Debug|Any CPU
		{8009954C-D1E5-428B-892B-482C5B691050}.Debug|Any CPU.Build.0 = Debug|Any CPU
		{8009954C-D1E5-428B-892B-482C5B691050}.Release|Any CPU.ActiveCfg = Release|Any CPU
		{8009954C-D1E5-428B-892B-482C5B691050}.Release|Any CPU.Build.0 = Release|Any CPU
		{230FCD3C-36B2-47EA-BF36-76E4E2DA9A6E}.Debug|Any CPU.ActiveCfg = Debug|Any CPU
		{230FCD3C-36B2-47EA-BF36-76E4E2DA9A6E}.Debug|Any CPU.Build.0 = Debug|Any CPU
		{230FCD3C-36B2-47EA-BF36-76E4E2DA9A6E}.Release|Any CPU.ActiveCfg = Release|Any CPU
		{230FCD3C-36B2-47EA-BF36-76E4E2DA9A6E}.Release|Any CPU.Build.0 = Release|Any CPU
	EndGlobalSection
	GlobalSection(SolutionProperties) = preSolution
		HideSolutionNode = FALSE
	EndGlobalSection
	GlobalSection(ExtensibilityGlobals) = postSolution
		SolutionGuid = {2EDA12E0-BA39-4717-BADD-74DA8DBED75B}
	EndGlobalSection
EndGlobal
