
Microsoft Visual Studio Solution File, Format Version 12.00
# Visual Studio 15
VisualStudioVersion = 15.0.27130.2036
MinimumVisualStudioVersion = 10.0.40219.1
Project("{FAE04EC0-301F-11D3-BF4B-00C04F79EFBC}") = "czesc1", "czesc1\czesc1.csproj", "{B91AD5EF-C52D-4577-A7EC-032DF7E35610}"
EndProject
Project("{9A19103F-16F7-4668-BE54-9A1E7A4F7556}") = "Library", "Library\Library.csproj", "{923C8863-986E-4BB4-AFB8-753781B85672}"
EndProject
Project("{FAE04EC0-301F-11D3-BF4B-00C04F79EFBC}") = "czesc1Tests", "czesc1Tests\czesc1Tests.csproj", "{62B52267-F2B5-49FA-AB62-CBF8DADD1E17}"
EndProject
Global
	GlobalSection(SolutionConfigurationPlatforms) = preSolution
		Debug|Any CPU = Debug|Any CPU
		Release|Any CPU = Release|Any CPU
	EndGlobalSection
	GlobalSection(ProjectConfigurationPlatforms) = postSolution
		{B91AD5EF-C52D-4577-A7EC-032DF7E35610}.Debug|Any CPU.ActiveCfg = Debug|Any CPU
		{B91AD5EF-C52D-4577-A7EC-032DF7E35610}.Debug|Any CPU.Build.0 = Debug|Any CPU
		{B91AD5EF-C52D-4577-A7EC-032DF7E35610}.Release|Any CPU.ActiveCfg = Release|Any CPU
		{B91AD5EF-C52D-4577-A7EC-032DF7E35610}.Release|Any CPU.Build.0 = Release|Any CPU
		{923C8863-986E-4BB4-AFB8-753781B85672}.Debug|Any CPU.ActiveCfg = Debug|Any CPU
		{923C8863-986E-4BB4-AFB8-753781B85672}.Debug|Any CPU.Build.0 = Debug|Any CPU
		{923C8863-986E-4BB4-AFB8-753781B85672}.Release|Any CPU.ActiveCfg = Release|Any CPU
		{923C8863-986E-4BB4-AFB8-753781B85672}.Release|Any CPU.Build.0 = Release|Any CPU
		{62B52267-F2B5-49FA-AB62-CBF8DADD1E17}.Debug|Any CPU.ActiveCfg = Debug|Any CPU
		{62B52267-F2B5-49FA-AB62-CBF8DADD1E17}.Debug|Any CPU.Build.0 = Debug|Any CPU
		{62B52267-F2B5-49FA-AB62-CBF8DADD1E17}.Release|Any CPU.ActiveCfg = Release|Any CPU
		{62B52267-F2B5-49FA-AB62-CBF8DADD1E17}.Release|Any CPU.Build.0 = Release|Any CPU
	EndGlobalSection
	GlobalSection(SolutionProperties) = preSolution
		HideSolutionNode = FALSE
	EndGlobalSection
	GlobalSection(ExtensibilityGlobals) = postSolution
		SolutionGuid = {659778E6-F46D-4C9C-A5A0-44727A34A2FB}
	EndGlobalSection
EndGlobal
